
Microsoft Visual Studio Solution File, Format Version 12.00
# Visual Studio 15
Project("{FAE04EC0-301F-11D3-BF4B-00C04F79EFBC}") = "Assembly-CSharp", "Assembly-CSharp.csproj", "{F8ADFD8C-FDB8-03D8-9566-1B388C88D10C}"
EndProject
Global
	GlobalSection(SolutionConfigurationPlatforms) = preSolution
		Debug|Any CPU = Debug|Any CPU
		Release|Any CPU = Release|Any CPU
	EndGlobalSection
	GlobalSection(ProjectConfigurationPlatforms) = postSolution
		{F8ADFD8C-FDB8-03D8-9566-1B388C88D10C}.Debug|Any CPU.ActiveCfg = Debug|Any CPU
		{F8ADFD8C-FDB8-03D8-9566-1B388C88D10C}.Debug|Any CPU.Build.0 = Debug|Any CPU
		{F8ADFD8C-FDB8-03D8-9566-1B388C88D10C}.Release|Any CPU.ActiveCfg = Release|Any CPU
		{F8ADFD8C-FDB8-03D8-9566-1B388C88D10C}.Release|Any CPU.Build.0 = Release|Any CPU
	EndGlobalSection
	GlobalSection(SolutionProperties) = preSolution
		HideSolutionNode = FALSE
	EndGlobalSection
EndGlobal
